
Microsoft Visual Studio Solution File, Format Version 12.00
Project("{FAE04EC0-301F-11D3-BF4B-00C04F79EFBC}") = "SightNotIncluded", "SightNotIncluded.csproj", "{3724168D-3589-451C-9979-049686F8FBC6}"
EndProject
Global
	GlobalSection(SolutionConfigurationPlatforms) = preSolution
		Debug|Any CPU = Debug|Any CPU
		Release|Any CPU = Release|Any CPU
	EndGlobalSection
	GlobalSection(ProjectConfigurationPlatforms) = postSolution
		{3724168D-3589-451C-9979-049686F8FBC6}.Debug|Any CPU.ActiveCfg = Debug|Any CPU
		{3724168D-3589-451C-9979-049686F8FBC6}.Debug|Any CPU.Build.0 = Debug|Any CPU
		{3724168D-3589-451C-9979-049686F8FBC6}.Release|Any CPU.ActiveCfg = Release|Any CPU
		{3724168D-3589-451C-9979-049686F8FBC6}.Release|Any CPU.Build.0 = Release|Any CPU
	EndGlobalSection
EndGlobal
